# This file is automatically @generated by Cargo.
# It is not intended for manual editing.
version = 4

[[package]]
name = "cc"
version = "1.2.60"
source = "registry+https://github.com/rust-lang/crates.io-index"
checksum = "43c5703da9466b66a946814e1adf53ea2c90f10063b86290cc9eb67ce3478a20"
dependencies = [
 "find-msvc-tools",
 "shlex",
]

[[package]]
name = "cmake"
version = "0.1.58"
source = "registry+https://github.com/rust-lang/crates.io-index"
checksum = "c0f78a02292a74a88ac736019ab962ece0bc380e3f977bf72e376c5d78ff0678"
dependencies = [
 "cc",
]

[[package]]
name = "find-msvc-tools"
version = "0.1.9"
source = "registry+https://github.com/rust-lang/crates.io-index"
checksum = "5baebc0774151f905a1a2cc41989300b1e6fbb29aff0ceffa1064fdd3088d582"

[[package]]
name = "log"
version = "0.4.29"
source = "registry+https://github.com/rust-lang/crates.io-index"
checksum = "5e5032e24019045c762d3c0f28f5b6b8bbf38563a65908389bf7978758920897"

[[package]]
name = "pkg-config"
version = "0.3.32"
source = "registry+https://github.com/rust-lang/crates.io-index"
checksum = "7edddbd0b52d732b21ad9a5fab5c704c14cd949e5e9a1ec5929a24fded1b904c"

[[package]]
name = "shlex"
version = "1.3.0"
source = "registry+https://github.com/rust-lang/crates.io-index"
checksum = "0fda2ff0d084019ba4d7c6f371c95d8fd75ce3524c3cb8fb653a3023f6323e64"

[[package]]
name = "z3"
version = "0.20.0"
source = "registry+https://github.com/rust-lang/crates.io-index"
checksum = "c9fc44c9d6bb9fe84c03dfff211cf4c9c8cfefa2de8b803facf7305067d21a23"
dependencies = [
 "log",
 "z3-sys",
]

[[package]]
name = "z3-exploration"
version = "0.1.0"
dependencies = [
 "z3",
]

[[package]]
name = "z3-src"
version = "416.0.1"
source = "registry+https://github.com/rust-lang/crates.io-index"
checksum = "8ba596e87825314ea3dc13d402568c9dc92da162ca4e3e4de8d522fe3db2b142"
dependencies = [
 "cmake",
]

[[package]]
name = "z3-sys"
version = "0.11.0"
source = "registry+https://github.com/rust-lang/crates.io-index"
checksum = "c18b0a91a13522d21b3414847667de2b2056a721a3edcb5b6ee6858352d58db4"
dependencies = [
 "pkg-config",
 "z3-src",
]
